{
	"name": "project-name",
	"version": "1.0.0",
	"lockfileVersion": 2,
	"requires": true,
	"packages": {
		"": {
			"name": "project-name",
			"version": "1.0.0",
			"dependencies": {
				"ex-gratia": "^1.0.3",
				"highlight.js": "^11.5.1",
				"wirejs-dom": "^1.0.4",
				"wirejs-scripts": "C:/Projects/wirejs-scripts"
			}
		},
		"../../wirejs-scripts": {
			"version": "1.0.0",
			"license": "AGPL-3.0-only",
			"dependencies": {
				"ex-gratia": "^1.0.3",
				"highlight.js": "^11.1.0",
				"wirejs-dom": "^1.0.4"
			},
			"bin": {
				"wirejs-scripts": "bin.js"
			},
			"devDependencies": {
				"@mermaid-js/mermaid-cli": "^9.0.0",
				"copy-webpack-plugin": "^10.2.4",
				"css-loader": "^5.2.0",
				"file-loader": "^6.2.0",
				"glob": "^7.2.0",
				"jsdom": "^16.5.2",
				"marked": "^2.0.1",
				"raw-loader": "^4.0.2",
				"rimraf": "^3.0.2",
				"style-loader": "^2.0.0",
				"webpack": "^5.28.0",
				"webpack-cli": "^4.6.0",
				"webpack-dev-server": "^4.8.1"
			}
		},
		"node_modules/commander": {
			"version": "7.2.0",
			"resolved": "https://registry.npmjs.org/commander/-/commander-7.2.0.tgz",
			"integrity": "sha512-QrWXB+ZQSVPmIWIhtEO9H+gwHaMGYiF5ChvoJ+K9ZGHG/sVsa6yiesAD1GC/x46sET00Xlwo1u49RVVVzvcSkw==",
			"engines": {
				"node": ">= 10"
			}
		},
		"node_modules/ex-gratia": {
			"version": "1.0.3",
			"resolved": "https://registry.npmjs.org/ex-gratia/-/ex-gratia-1.0.3.tgz",
			"integrity": "sha512-9RN5hvGnWF+ezaaJGbljVA4IbB2m7PIWvTgRSPuANO++hh1wKci6e8HUtqxt2G5DnXSctRhftEcZyRn6dy2x+g==",
			"dependencies": {
				"commander": "^7.2.0"
			},
			"bin": {
				"ex-gratia": "bin/ex-gratia"
			}
		},
		"node_modules/highlight.js": {
			"version": "11.5.1",
			"resolved": "https://registry.npmjs.org/highlight.js/-/highlight.js-11.5.1.tgz",
			"integrity": "sha512-LKzHqnxr4CrD2YsNoIf/o5nJ09j4yi/GcH5BnYz9UnVpZdS4ucMgvP61TDty5xJcFGRjnH4DpujkS9bHT3hq0Q==",
			"engines": {
				"node": ">=12.0.0"
			}
		},
		"node_modules/wirejs-dom": {
			"version": "1.0.4",
			"resolved": "https://registry.npmjs.org/wirejs-dom/-/wirejs-dom-1.0.4.tgz",
			"integrity": "sha512-ndAbC6PV6RxYVrYwQkHbiXCqfGQdiZ8teFMTFT/GvqKx/999Z/CF4/vGYVRhAS5EUzvmSSIJtJFtSe7078AbWQ=="
		},
		"node_modules/wirejs-scripts": {
			"resolved": "../../wirejs-scripts",
			"link": true
		}
	},
	"dependencies": {
		"commander": {
			"version": "7.2.0",
			"resolved": "https://registry.npmjs.org/commander/-/commander-7.2.0.tgz",
			"integrity": "sha512-QrWXB+ZQSVPmIWIhtEO9H+gwHaMGYiF5ChvoJ+K9ZGHG/sVsa6yiesAD1GC/x46sET00Xlwo1u49RVVVzvcSkw=="
		},
		"ex-gratia": {
			"version": "1.0.3",
			"resolved": "https://registry.npmjs.org/ex-gratia/-/ex-gratia-1.0.3.tgz",
			"integrity": "sha512-9RN5hvGnWF+ezaaJGbljVA4IbB2m7PIWvTgRSPuANO++hh1wKci6e8HUtqxt2G5DnXSctRhftEcZyRn6dy2x+g==",
			"requires": {
				"commander": "^7.2.0"
			}
		},
		"highlight.js": {
			"version": "11.5.1",
			"resolved": "https://registry.npmjs.org/highlight.js/-/highlight.js-11.5.1.tgz",
			"integrity": "sha512-LKzHqnxr4CrD2YsNoIf/o5nJ09j4yi/GcH5BnYz9UnVpZdS4ucMgvP61TDty5xJcFGRjnH4DpujkS9bHT3hq0Q=="
		},
		"wirejs-dom": {
			"version": "1.0.4",
			"resolved": "https://registry.npmjs.org/wirejs-dom/-/wirejs-dom-1.0.4.tgz",
			"integrity": "sha512-ndAbC6PV6RxYVrYwQkHbiXCqfGQdiZ8teFMTFT/GvqKx/999Z/CF4/vGYVRhAS5EUzvmSSIJtJFtSe7078AbWQ=="
		},
		"wirejs-scripts": {
			"version": "file:../../wirejs-scripts",
			"requires": {
				"@mermaid-js/mermaid-cli": "^9.0.0",
				"copy-webpack-plugin": "^10.2.4",
				"css-loader": "^5.2.0",
				"ex-gratia": "^1.0.3",
				"file-loader": "^6.2.0",
				"glob": "^7.2.0",
				"highlight.js": "^11.1.0",
				"jsdom": "^16.5.2",
				"marked": "^2.0.1",
				"raw-loader": "^4.0.2",
				"rimraf": "^3.0.2",
				"style-loader": "^2.0.0",
				"webpack": "^5.28.0",
				"webpack-cli": "^4.6.0",
				"webpack-dev-server": "^4.8.1",
				"wirejs-dom": "^1.0.4"
			}
		}
	}
}
